
Microsoft Visual Studio Solution File, Format Version 12.00
# Visual Studio Version 17
VisualStudioVersion = 17.4.33213.308
MinimumVisualStudioVersion = 10.0.40219.1
Project("{FAE04EC0-301F-11D3-BF4B-00C04F79EFBC}") = "TheLearningHub.API", "TheLearningHub.API\TheLearningHub.API.csproj", "{D9E68D48-3268-4065-9763-87FCD2963E6F}"
EndProject
Project("{FAE04EC0-301F-11D3-BF4B-00C04F79EFBC}") = "TheLearningHub.Infra", "TheLearningHub.Infra\TheLearningHub.Infra.csproj", "{2C638BE7-1571-45A1-8AA4-44D167160669}"
EndProject
Project("{FAE04EC0-301F-11D3-BF4B-00C04F79EFBC}") = "TheLearningHub.Core", "TheLearningHub.Core\TheLearningHub.Core.csproj", "{4D2991AB-8A2F-4AA9-A953-B5C9540C6DFA}"
EndProject
Global
	GlobalSection(SolutionConfigurationPlatforms) = preSolution
		Debug|Any CPU = Debug|Any CPU
		Release|Any CPU = Release|Any CPU
	EndGlobalSection
	GlobalSection(ProjectConfigurationPlatforms) = postSolution
		{D9E68D48-3268-4065-9763-87FCD2963E6F}.Debug|Any CPU.ActiveCfg = Debug|Any CPU
		{D9E68D48-3268-4065-9763-87FCD2963E6F}.Debug|Any CPU.Build.0 = Debug|Any CPU
		{D9E68D48-3268-4065-9763-87FCD2963E6F}.Release|Any CPU.ActiveCfg = Release|Any CPU
		{D9E68D48-3268-4065-9763-87FCD2963E6F}.Release|Any CPU.Build.0 = Release|Any CPU
		{2C638BE7-1571-45A1-8AA4-44D167160669}.Debug|Any CPU.ActiveCfg = Debug|Any CPU
		{2C638BE7-1571-45A1-8AA4-44D167160669}.Debug|Any CPU.Build.0 = Debug|Any CPU
		{2C638BE7-1571-45A1-8AA4-44D167160669}.Release|Any CPU.ActiveCfg = Release|Any CPU
		{2C638BE7-1571-45A1-8AA4-44D167160669}.Release|Any CPU.Build.0 = Release|Any CPU
		{4D2991AB-8A2F-4AA9-A953-B5C9540C6DFA}.Debug|Any CPU.ActiveCfg = Debug|Any CPU
		{4D2991AB-8A2F-4AA9-A953-B5C9540C6DFA}.Debug|Any CPU.Build.0 = Debug|Any CPU
		{4D2991AB-8A2F-4AA9-A953-B5C9540C6DFA}.Release|Any CPU.ActiveCfg = Release|Any CPU
		{4D2991AB-8A2F-4AA9-A953-B5C9540C6DFA}.Release|Any CPU.Build.0 = Release|Any CPU
	EndGlobalSection
	GlobalSection(SolutionProperties) = preSolution
		HideSolutionNode = FALSE
	EndGlobalSection
	GlobalSection(ExtensibilityGlobals) = postSolution
		SolutionGuid = {52E0A64C-B372-424D-B3C8-F28022B07860}
	EndGlobalSection
EndGlobal
